github.com/tony-zhuo/grpc-practice/protos v0.0.0-20230109113825-e3e55f011a8f h1:mB7Y3OE+g4Gu7PqKTduxCez+Cw+sCUCq5mvleNh1aa8=
github.com/tony-zhuo/grpc-practice/protos v0.0.0-20230109113825-e3e55f011a8f/go.mod h1:g9vCI5Qi4KPzZ0tzWx8hfbO8nYDpTPXW6qz1kcv7b2s=
github.com/tony-zhuo/grpc-practice/protos v0.0.0-20230109114958-8848afb0371c h1:+qMlgi8BIlctD+sKnISI/NkKk+/vNO+nMdz9ATFhWTg=
github.com/tony-zhuo/grpc-practice/protos v0.0.0-20230109114958-8848afb0371c/go.mod h1:g9vCI5Qi4KPzZ0tzWx8hfbO8nYDpTPXW6qz1kcv7b2s=
